
Microsoft Visual Studio Solution File, Format Version 12.00
# Visual Studio Version 17
VisualStudioVersion = 17.9.34728.123
MinimumVisualStudioVersion = 10.0.40219.1
Project("{FAE04EC0-301F-11D3-BF4B-00C04F79EFBC}") = "NetworkChecker", "NetworkChecker.csproj", "{EA4D0BD5-1BA7-4F40-A29A-94680579E013}"
EndProject
Global
	GlobalSection(SolutionConfigurationPlatforms) = preSolution
		Debug|Any CPU = Debug|Any CPU
		Release|Any CPU = Release|Any CPU
	EndGlobalSection
	GlobalSection(ProjectConfigurationPlatforms) = postSolution
		{EA4D0BD5-1BA7-4F40-A29A-94680579E013}.Debug|Any CPU.ActiveCfg = Debug|Any CPU
		{EA4D0BD5-1BA7-4F40-A29A-94680579E013}.Debug|Any CPU.Build.0 = Debug|Any CPU
		{EA4D0BD5-1BA7-4F40-A29A-94680579E013}.Release|Any CPU.ActiveCfg = Release|Any CPU
		{EA4D0BD5-1BA7-4F40-A29A-94680579E013}.Release|Any CPU.Build.0 = Release|Any CPU
	EndGlobalSection
	GlobalSection(SolutionProperties) = preSolution
		HideSolutionNode = FALSE
	EndGlobalSection
	GlobalSection(ExtensibilityGlobals) = postSolution
		SolutionGuid = {BAB2F171-BCBB-4149-B0F2-C50424DCDFBC}
	EndGlobalSection
EndGlobal
